
Microsoft Visual Studio Solution File, Format Version 12.00
# Visual Studio Version 17
VisualStudioVersion = 17.7.34031.279
MinimumVisualStudioVersion = 10.0.40219.1
Project("{FAE04EC0-301F-11D3-BF4B-00C04F79EFBC}") = "MvcMovie", "MvcMovie.csproj", "{12AFA607-7264-4893-B1B9-FE372935FFFE}"
EndProject
Global
	GlobalSection(SolutionConfigurationPlatforms) = preSolution
		Debug|Any CPU = Debug|Any CPU
		Release|Any CPU = Release|Any CPU
	EndGlobalSection
	GlobalSection(ProjectConfigurationPlatforms) = postSolution
		{12AFA607-7264-4893-B1B9-FE372935FFFE}.Debug|Any CPU.ActiveCfg = Debug|Any CPU
		{12AFA607-7264-4893-B1B9-FE372935FFFE}.Debug|Any CPU.Build.0 = Debug|Any CPU
		{12AFA607-7264-4893-B1B9-FE372935FFFE}.Release|Any CPU.ActiveCfg = Release|Any CPU
		{12AFA607-7264-4893-B1B9-FE372935FFFE}.Release|Any CPU.Build.0 = Release|Any CPU
	EndGlobalSection
	GlobalSection(SolutionProperties) = preSolution
		HideSolutionNode = FALSE
	EndGlobalSection
	GlobalSection(ExtensibilityGlobals) = postSolution
		SolutionGuid = {F17B1FAE-84F0-499A-BA21-A90E3D7F2076}
	EndGlobalSection
EndGlobal
